
Microsoft Visual Studio Solution File, Format Version 12.00
# Visual Studio Version 17
VisualStudioVersion = 17.3.32929.385
MinimumVisualStudioVersion = 10.0.40219.1
Project("{FAE04EC0-301F-11D3-BF4B-00C04F79EFBC}") = "dotNET_EXAM", "dotNET_EXAM\dotNET_EXAM.csproj", "{2BE3008E-7710-4161-AE9F-E9F0924FCD15}"
EndProject
Global
	GlobalSection(SolutionConfigurationPlatforms) = preSolution
		Debug|Any CPU = Debug|Any CPU
		Release|Any CPU = Release|Any CPU
	EndGlobalSection
	GlobalSection(ProjectConfigurationPlatforms) = postSolution
		{2BE3008E-7710-4161-AE9F-E9F0924FCD15}.Debug|Any CPU.ActiveCfg = Debug|Any CPU
		{2BE3008E-7710-4161-AE9F-E9F0924FCD15}.Debug|Any CPU.Build.0 = Debug|Any CPU
		{2BE3008E-7710-4161-AE9F-E9F0924FCD15}.Release|Any CPU.ActiveCfg = Release|Any CPU
		{2BE3008E-7710-4161-AE9F-E9F0924FCD15}.Release|Any CPU.Build.0 = Release|Any CPU
	EndGlobalSection
	GlobalSection(SolutionProperties) = preSolution
		HideSolutionNode = FALSE
	EndGlobalSection
	GlobalSection(ExtensibilityGlobals) = postSolution
		SolutionGuid = {25E27036-0E2F-4011-91E3-4E95E015C4C9}
	EndGlobalSection
EndGlobal
